// !$*UTF8*$!
{
	archiveVersion = 1;
	classes = {
	};
	objectVersion = 46;
	objects = {

/* Begin PBXBuildFile section */
		84D4EC7A1CFD3441007E466D /* AppDelegate.swift in Sources */ = {isa = PBXBuildFile; fileRef = 84D4EC791CFD3441007E466D /* AppDelegate.swift */; };
		84D4EC7C1CFD3441007E466D /* ViewController.swift in Sources */ = {isa = PBXBuildFile; fileRef = 84D4EC7B1CFD3441007E466D /* ViewController.swift */; };
		84D4EC7F1CFD3441007E466D /* Main.storyboard in Resources */ = {isa = PBXBuildFile; fileRef = 84D4EC7D1CFD3441007E466D /* Main.storyboard */; };
		84D4EC821CFD3441007E466D /* Social_App.xcdatamodeld in Sources */ = {isa = PBXBuildFile; fileRef = 84D4EC801CFD3441007E466D /* Social_App.xcdatamodeld */; };
		84D4EC841CFD3441007E466D /* Assets.xcassets in Resources */ = {isa = PBXBuildFile; fileRef = 84D4EC831CFD3441007E466D /* Assets.xcassets */; };
		84D4EC871CFD3441007E466D /* LaunchScreen.storyboard in Resources */ = {isa = PBXBuildFile; fileRef = 84D4EC851CFD3441007E466D /* LaunchScreen.storyboard */; };
/* End PBXBuildFile section */

/* Begin PBXFileReference section */
		84D4EC761CFD3440007E466D /* Social App.app */ = {isa = PBXFileReference; explicitFileType = wrapper.application; includeInIndex = 0; path = "Social App.app"; sourceTree = BUILT_PRODUCTS_DIR; };
		84D4EC791CFD3441007E466D /* AppDelegate.swift */ = {isa = PBXFileReference; lastKnownFileType = sourcecode.swift; path = AppDelegate.swift; sourceTree = "<group>"; };
		84D4EC7B1CFD3441007E466D /* ViewController.swift */ = {isa = PBXFileReference; lastKnownFileType = sourcecode.swift; path = ViewController.swift; sourceTree = "<group>"; };
		84D4EC7E1CFD3441007E466D /* Base */ = {isa = PBXFileReference; lastKnownFileType = file.storyboard; name = Base; path = Base.lproj/Main.storyboard; sourceTree = "<group>"; };
		84D4EC811CFD3441007E466D /* Social_App.xcdatamodel */ = {isa = PBXFileReference; lastKnownFileType = wrapper.xcdatamodel; path = Social_App.xcdatamodel; sourceTree = "<group>"; };
		84D4EC831CFD3441007E466D /* Assets.xcassets */ = {isa = PBXFileReference; lastKnownFileType = folder.assetcatalog; path = Assets.xcassets; sourceTree = "<group>"; };
		84D4EC861CFD3441007E466D /* Base */ = {isa = PBXFileReference; lastKnownFileType = file.storyboard; name = Base; path = Base.lproj/LaunchScreen.storyboard; sourceTree = "<group>"; };
		84D4EC881CFD3441007E466D /* Info.plist */ = {isa = PBXFileReference; lastKnownFileType = text.plist.xml; path = Info.plist; sourceTree = "<group>"; };
/* End PBXFileReference section */

/* Begin PBXFrameworksBuildPhase section */
		84D4EC731CFD3440007E466D /* Frameworks */ = {
			isa = PBXFrameworksBuildPhase;
			buildActionMask = 2147483647;
			files = (
			);
			runOnlyForDeploymentPostprocessing = 0;
		};
/* End PBXFrameworksBuildPhase section */

/* Begin PBXGroup section */
		84D4EC6D1CFD3440007E466D = {
			isa = PBXGroup;
			children = (
				84D4EC781CFD3441007E466D /* Social App */,
				84D4EC771CFD3440007E466D /* Products */,
			);
			sourceTree = "<group>";
		};
		84D4EC771CFD3440007E466D /* Products */ = {
			isa = PBXGroup;
			children = (
				84D4EC761CFD3440007E466D /* Social App.app */,
			);
			name = Products;
			sourceTree = "<group>";
		};
		84D4EC781CFD3441007E466D /* Social App */ = {
			isa = PBXGroup;
			children = (
				84D4EC7B1CFD3441007E466D /* ViewController.swift */,
				84D4EC7D1CFD3441007E466D /* Main.storyboard */,
				84D4EC8E1CFD3460007E466D /* Supported Files */,
			);
			path = "Social App";
			sourceTree = "<group>";
		};
		84D4EC8E1CFD3460007E466D /* Supported Files */ = {
			isa = PBXGroup;
			children = (
				84D4EC791CFD3441007E466D /* AppDelegate.swift */,
				84D4EC831CFD3441007E466D /* Assets.xcassets */,
				84D4EC851CFD3441007E466D /* LaunchScreen.storyboard */,
				84D4EC881CFD3441007E466D /* Info.plist */,
				84D4EC801CFD3441007E466D /* Social_App.xcdatamodeld */,
			);
			name = "Supported Files";
			sourceTree = "<group>";
		};
/* End PBXGroup section */

/* Begin PBXNativeTarget section */
		84D4EC751CFD3440007E466D /* Social App */ = {
			isa = PBXNativeTarget;
			buildConfigurationList = 84D4EC8B1CFD3441007E466D /* Build configuration list for PBXNativeTarget "Social App" */;
			buildPhases = (
				84D4EC721CFD3440007E466D /* Sources */,
				84D4EC731CFD3440007E466D /* Frameworks */,
				84D4EC741CFD3440007E466D /* Resources */,
			);
			buildRules = (
			);
			dependencies = (
			);
			name = "Social App";
			productName = "Social App";
			productReference = 84D4EC761CFD3440007E466D /* Social App.app */;
			productType = "com.apple.product-type.application";
		};
/* End PBXNativeTarget section */

/* Begin PBXProject section */
		84D4EC6E1CFD3440007E466D /* Project object */ = {
			isa = PBXProject;
			attributes = {
				LastSwiftUpdateCheck = 0730;
				LastUpgradeCheck = 0730;
				ORGANIZATIONNAME = Managam;
				TargetAttributes = {
					84D4EC751CFD3440007E466D = {
						CreatedOnToolsVersion = 7.3;
						DevelopmentTeam = PVE2JV95WF;
					};
				};
			};
			buildConfigurationList = 84D4EC711CFD3440007E466D /* Build configuration list for PBXProject "Social App" */;
			compatibilityVersion = "Xcode 3.2";
			developmentRegion = English;
			hasScannedForEncodings = 0;
			knownRegions = (
				en,
				Base,
			);
			mainGroup = 84D4EC6D1CFD3440007E466D;
			productRefGroup = 84D4EC771CFD3440007E466D /* Products */;
			projectDirPath = "";
			projectRoot = "";
			targets = (
				84D4EC751CFD3440007E466D /* Social App */,
			);
		};
/* End PBXProject section */

/* Begin PBXResourcesBuildPhase section */
		84D4EC741CFD3440007E466D /* Resources */ = {
			isa = PBXResourcesBuildPhase;
			buildActionMask = 2147483647;
			files = (
				84D4EC871CFD3441007E466D /* LaunchScreen.storyboard in Resources */,
				84D4EC841CFD3441007E466D /* Assets.xcassets in Resources */,
				84D4EC7F1CFD3441007E466D /* Main.storyboard in Resources */,
			);
			runOnlyForDeploymentPostprocessing = 0;
		};
/* End PBXResourcesBuildPhase section */

/* Begin PBXSourcesBuildPhase section */
		84D4EC721CFD3440007E466D /* Sources */ = {
			isa = PBXSourcesBuildPhase;
			buildActionMask = 2147483647;
			files = (
				84D4EC7C1CFD3441007E466D /* ViewController.swift in Sources */,
				84D4EC7A1CFD3441007E466D /* AppDelegate.swift in Sources */,
				84D4EC821CFD3441007E466D /* Social_App.xcdatamodeld in Sources */,
			);
			runOnlyForDeploymentPostprocessing = 0;
		};
/* End PBXSourcesBuildPhase section */

/* Begin PBXVariantGroup section */
		84D4EC7D1CFD3441007E466D /* Main.storyboard */ = {
			isa = PBXVariantGroup;
			children = (
				84D4EC7E1CFD3441007E466D /* Base */,
			);
			name = Main.storyboard;
			sourceTree = "<group>";
		};
		84D4EC851CFD3441007E466D /* LaunchScreen.storyboard */ = {
			isa = PBXVariantGroup;
			children = (
				84D4EC861CFD3441007E466D /* Base */,
			);
			name = LaunchScreen.storyboard;
			sourceTree = "<group>";
		};
/* End PBXVariantGroup section */

/* Begin XCBuildConfiguration section */
		84D4EC891CFD3441007E466D /* Debug */ = {
			isa = XCBuildConfiguration;
			buildSettings = {
				ALWAYS_SEARCH_USER_PATHS = NO;
				CLANG_ANALYZER_NONNULL = YES;
				CLANG_CXX_LANGUAGE_STANDARD = "gnu++0x";
				CLANG_CXX_LIBRARY = "libc++";
				CLANG_ENABLE_MODULES = YES;
				CLANG_ENABLE_OBJC_ARC = YES;
				CLANG_WARN_BOOL_CONVERSION = YES;
				CLANG_WARN_CONSTANT_CONVERSION = YES;
				CLANG_WARN_DIRECT_OBJC_ISA_USAGE = YES_ERROR;
				CLANG_WARN_EMPTY_BODY = YES;
				CLANG_WARN_ENUM_CONVERSION = YES;
				CLANG_WARN_INT_CONVERSION = YES;
				CLANG_WARN_OBJC_ROOT_CLASS = YES_ERROR;
				CLANG_WARN_UNREACHABLE_CODE = YES;
				CLANG_WARN__DUPLICATE_METHOD_MATCH = YES;
				"CODE_SIGN_IDENTITY[sdk=iphoneos*]" = "iPhone Developer";
				COPY_PHASE_STRIP = NO;
				DEBUG_INFORMATION_FORMAT = dwarf;
				ENABLE_STRICT_OBJC_MSGSEND = YES;
				ENABLE_TESTABILITY = YES;
				GCC_C_LANGUAGE_STANDARD = gnu99;
				GCC_DYNAMIC_NO_PIC = NO;
				GCC_NO_COMMON_BLOCKS = YES;
				GCC_OPTIMIZATION_LEVEL = 0;
				GCC_PREPROCESSOR_DEFINITIONS = (
					"DEBUG=1",
					"$(inherited)",
				);
				GCC_WARN_64_TO_32_BIT_CONVERSION = YES;
				GCC_WARN_ABOUT_RETURN_TYPE = YES_ERROR;
				GCC_WARN_UNDECLARED_SELECTOR = YES;
				GCC_WARN_UNINITIALIZED_AUTOS = YES_AGGRESSIVE;
				GCC_WARN_UNUSED_FUNCTION = YES;
				GCC_WARN_UNUSED_VARIABLE = YES;
				IPHONEOS_DEPLOYMENT_TARGET = 9.0;
				MTL_ENABLE_DEBUG_INFO = YES;
				ONLY_ACTIVE_ARCH = YES;
				SDKROOT = iphoneos;
				SWIFT_OPTIMIZATION_LEVEL = "-Onone";
				TARGETED_DEVICE_FAMILY = "1,2";
			};
			name = Debug;
		};
		84D4EC8A1CFD3441007E466D /* Release */ = {
			isa = XCBuildConfiguration;
			buildSettings = {
				ALWAYS_SEARCH_USER_PATHS = NO;
				CLANG_ANALYZER_NONNULL = YES;
				CLANG_CXX_LANGUAGE_STANDARD = "gnu++0x";
				CLANG_CXX_LIBRARY = "libc++";
				CLANG_ENABLE_MODULES = YES;
				CLANG_ENABLE_OBJC_ARC = YES;
				CLANG_WARN_BOOL_CONVERSION = YES;
				CLANG_WARN_CONSTANT_CONVERSION = YES;
				CLANG_WARN_DIRECT_OBJC_ISA_USAGE = YES_ERROR;
				CLANG_WARN_EMPTY_BODY = YES;
				CLANG_WARN_ENUM_CONVERSION = YES;
				CLANG_WARN_INT_CONVERSION = YES;
				CLANG_WARN_OBJC_ROOT_CLASS = YES_ERROR;
				CLANG_WARN_UNREACHABLE_CODE = YES;
				CLANG_WARN__DUPLICATE_METHOD_MATCH = YES;
				"CODE_SIGN_IDENTITY[sdk=iphoneos*]" = "iPhone Developer";
				COPY_PHASE_STRIP = NO;
				DEBUG_INFORMATION_FORMAT = "dwarf-with-dsym";
				ENABLE_NS_ASSERTIONS = NO;
				ENABLE_STRICT_OBJC_MSGSEND = YES;
				GCC_C_LANGUAGE_STANDARD = gnu99;
				GCC_NO_COMMON_BLOCKS = YES;
				GCC_WARN_64_TO_32_BIT_CONVERSION = YES;
				GCC_WARN_ABOUT_RETURN_TYPE = YES_ERROR;
				GCC_WARN_UNDECLARED_SELECTOR = YES;
				GCC_WARN_UNINITIALIZED_AUTOS = YES_AGGRESSIVE;
				GCC_WARN_UNUSED_FUNCTION = YES;
				GCC_WARN_UNUSED_VARIABLE = YES;
				IPHONEOS_DEPLOYMENT_TARGET = 9.0;
				MTL_ENABLE_DEBUG_INFO = NO;
				SDKROOT = iphoneos;
				TARGETED_DEVICE_FAMILY = "1,2";
				VALIDATE_PRODUCT = YES;
			};
			name = Release;
		};
		84D4EC8C1CFD3441007E466D /* Debug */ = {
			isa = XCBuildConfiguration;
			buildSettings = {
				ASSETCATALOG_COMPILER_APPICON_NAME = AppIcon;
				CODE_SIGN_IDENTITY = "iPhone Developer";
				INFOPLIST_FILE = "Social App/Info.plist";
				IPHONEOS_DEPLOYMENT_TARGET = 9.0;
				LD_RUNPATH_SEARCH_PATHS = "$(inherited) @executable_path/Frameworks";
				PRODUCT_BUNDLE_IDENTIFIER = "com.managam.Social-App";
				PRODUCT_NAME = "$(TARGET_NAME)";
			};
			name = Debug;
		};
		84D4EC8D1CFD3441007E466D /* Release */ = {
			isa = XCBuildConfiguration;
			buildSettings = {
				ASSETCATALOG_COMPILER_APPICON_NAME = AppIcon;
				CODE_SIGN_IDENTITY = "iPhone Developer";
				INFOPLIST_FILE = "Social App/Info.plist";
				IPHONEOS_DEPLOYMENT_TARGET = 9.0;
				LD_RUNPATH_SEARCH_PATHS = "$(inherited) @executable_path/Frameworks";
				PRODUCT_BUNDLE_IDENTIFIER = "com.managam.Social-App";
				PRODUCT_NAME = "$(TARGET_NAME)";
			};
			name = Release;
		};
/* End XCBuildConfiguration section */

/* Begin XCConfigurationList section */
		84D4EC711CFD3440007E466D /* Build configuration list for PBXProject "Social App" */ = {
			isa = XCConfigurationList;
			buildConfigurations = (
				84D4EC891CFD3441007E466D /* Debug */,
				84D4EC8A1CFD3441007E466D /* Release */,
			);
			defaultConfigurationIsVisible = 0;
			defaultConfigurationName = Release;
		};
		84D4EC8B1CFD3441007E466D /* Build configuration list for PBXNativeTarget "Social App" */ = {
			isa = XCConfigurationList;
			buildConfigurations = (
				84D4EC8C1CFD3441007E466D /* Debug */,
				84D4EC8D1CFD3441007E466D /* Release */,
			);
			defaultConfigurationIsVisible = 0;
		};
/* End XCConfigurationList section */

/* Begin XCVersionGroup section */
		84D4EC801CFD3441007E466D /* Social_App.xcdatamodeld */ = {
			isa = XCVersionGroup;
			children = (
				84D4EC811CFD3441007E466D /* Social_App.xcdatamodel */,
			);
			currentVersion = 84D4EC811CFD3441007E466D /* Social_App.xcdatamodel */;
			path = Social_App.xcdatamodeld;
			sourceTree = "<group>";
			versionGroupType = wrapper.xcdatamodel;
		};
/* End XCVersionGroup section */
	};
	rootObject = 84D4EC6E1CFD3440007E466D /* Project object */;
}
