// !$*UTF8*$!
{
	archiveVersion = 1;
	classes = {
	};
	objectVersion = 46;
	objects = {

/* Begin PBXBuildFile section */
		849F7B511CFD7DF8009E6E51 /* AppDelegate.swift in Sources */ = {isa = PBXBuildFile; fileRef = 849F7B501CFD7DF8009E6E51 /* AppDelegate.swift */; };
		849F7B591CFD7DF8009E6E51 /* Social_App.xcdatamodeld in Sources */ = {isa = PBXBuildFile; fileRef = 849F7B571CFD7DF8009E6E51 /* Social_App.xcdatamodeld */; };
		849F7B5B1CFD7DF8009E6E51 /* Assets.xcassets in Resources */ = {isa = PBXBuildFile; fileRef = 849F7B5A1CFD7DF8009E6E51 /* Assets.xcassets */; };
		849F7B671CFD7E76009E6E51 /* Launch Screen.storyboard in Resources */ = {isa = PBXBuildFile; fileRef = 849F7B661CFD7E76009E6E51 /* Launch Screen.storyboard */; };
		849F7B6B1CFD7EC5009E6E51 /* LoginViewController.swift in Sources */ = {isa = PBXBuildFile; fileRef = 849F7B691CFD7EC5009E6E51 /* LoginViewController.swift */; };
		849F7B6C1CFD7EC5009E6E51 /* LoginViewController.xib in Resources */ = {isa = PBXBuildFile; fileRef = 849F7B6A1CFD7EC5009E6E51 /* LoginViewController.xib */; };
/* End PBXBuildFile section */

/* Begin PBXFileReference section */
		849F7B4D1CFD7DF8009E6E51 /* Social App.app */ = {isa = PBXFileReference; explicitFileType = wrapper.application; includeInIndex = 0; path = "Social App.app"; sourceTree = BUILT_PRODUCTS_DIR; };
		849F7B501CFD7DF8009E6E51 /* AppDelegate.swift */ = {isa = PBXFileReference; lastKnownFileType = sourcecode.swift; path = AppDelegate.swift; sourceTree = "<group>"; };
		849F7B581CFD7DF8009E6E51 /* Social_App.xcdatamodel */ = {isa = PBXFileReference; lastKnownFileType = wrapper.xcdatamodel; path = Social_App.xcdatamodel; sourceTree = "<group>"; };
		849F7B5A1CFD7DF8009E6E51 /* Assets.xcassets */ = {isa = PBXFileReference; lastKnownFileType = folder.assetcatalog; path = Assets.xcassets; sourceTree = "<group>"; };
		849F7B5F1CFD7DF8009E6E51 /* Info.plist */ = {isa = PBXFileReference; lastKnownFileType = text.plist.xml; path = Info.plist; sourceTree = "<group>"; };
		849F7B661CFD7E76009E6E51 /* Launch Screen.storyboard */ = {isa = PBXFileReference; fileEncoding = 4; lastKnownFileType = file.storyboard; path = "Launch Screen.storyboard"; sourceTree = "<group>"; };
		849F7B691CFD7EC5009E6E51 /* LoginViewController.swift */ = {isa = PBXFileReference; fileEncoding = 4; lastKnownFileType = sourcecode.swift; name = LoginViewController.swift; path = Login/LoginViewController.swift; sourceTree = "<group>"; };
		849F7B6A1CFD7EC5009E6E51 /* LoginViewController.xib */ = {isa = PBXFileReference; fileEncoding = 4; lastKnownFileType = file.xib; name = LoginViewController.xib; path = Login/LoginViewController.xib; sourceTree = "<group>"; };
/* End PBXFileReference section */

/* Begin PBXFrameworksBuildPhase section */
		849F7B4A1CFD7DF8009E6E51 /* Frameworks */ = {
			isa = PBXFrameworksBuildPhase;
			buildActionMask = 2147483647;
			files = (
			);
			runOnlyForDeploymentPostprocessing = 0;
		};
/* End PBXFrameworksBuildPhase section */

/* Begin PBXGroup section */
		849F7B441CFD7DF8009E6E51 = {
			isa = PBXGroup;
			children = (
				849F7B4F1CFD7DF8009E6E51 /* Social App */,
				849F7B4E1CFD7DF8009E6E51 /* Products */,
			);
			sourceTree = "<group>";
		};
		849F7B4E1CFD7DF8009E6E51 /* Products */ = {
			isa = PBXGroup;
			children = (
				849F7B4D1CFD7DF8009E6E51 /* Social App.app */,
			);
			name = Products;
			sourceTree = "<group>";
		};
		849F7B4F1CFD7DF8009E6E51 /* Social App */ = {
			isa = PBXGroup;
			children = (
				849F7B681CFD7EB1009E6E51 /* Login */,
				849F7B651CFD7E56009E6E51 /* Supported Files */,
			);
			path = "Social App";
			sourceTree = "<group>";
		};
		849F7B651CFD7E56009E6E51 /* Supported Files */ = {
			isa = PBXGroup;
			children = (
				849F7B501CFD7DF8009E6E51 /* AppDelegate.swift */,
				849F7B5A1CFD7DF8009E6E51 /* Assets.xcassets */,
				849F7B5F1CFD7DF8009E6E51 /* Info.plist */,
				849F7B571CFD7DF8009E6E51 /* Social_App.xcdatamodeld */,
				849F7B661CFD7E76009E6E51 /* Launch Screen.storyboard */,
			);
			name = "Supported Files";
			sourceTree = "<group>";
		};
		849F7B681CFD7EB1009E6E51 /* Login */ = {
			isa = PBXGroup;
			children = (
				849F7B691CFD7EC5009E6E51 /* LoginViewController.swift */,
				849F7B6A1CFD7EC5009E6E51 /* LoginViewController.xib */,
			);
			name = Login;
			sourceTree = "<group>";
		};
/* End PBXGroup section */

/* Begin PBXNativeTarget section */
		849F7B4C1CFD7DF8009E6E51 /* Social App */ = {
			isa = PBXNativeTarget;
			buildConfigurationList = 849F7B621CFD7DF8009E6E51 /* Build configuration list for PBXNativeTarget "Social App" */;
			buildPhases = (
				849F7B491CFD7DF8009E6E51 /* Sources */,
				849F7B4A1CFD7DF8009E6E51 /* Frameworks */,
				849F7B4B1CFD7DF8009E6E51 /* Resources */,
			);
			buildRules = (
			);
			dependencies = (
			);
			name = "Social App";
			productName = "Social App";
			productReference = 849F7B4D1CFD7DF8009E6E51 /* Social App.app */;
			productType = "com.apple.product-type.application";
		};
/* End PBXNativeTarget section */

/* Begin PBXProject section */
		849F7B451CFD7DF8009E6E51 /* Project object */ = {
			isa = PBXProject;
			attributes = {
				LastSwiftUpdateCheck = 0730;
				LastUpgradeCheck = 0730;
				ORGANIZATIONNAME = Managam;
				TargetAttributes = {
					849F7B4C1CFD7DF8009E6E51 = {
						CreatedOnToolsVersion = 7.3;
						DevelopmentTeam = PVE2JV95WF;
					};
				};
			};
			buildConfigurationList = 849F7B481CFD7DF8009E6E51 /* Build configuration list for PBXProject "Social App" */;
			compatibilityVersion = "Xcode 3.2";
			developmentRegion = English;
			hasScannedForEncodings = 0;
			knownRegions = (
				en,
				Base,
			);
			mainGroup = 849F7B441CFD7DF8009E6E51;
			productRefGroup = 849F7B4E1CFD7DF8009E6E51 /* Products */;
			projectDirPath = "";
			projectRoot = "";
			targets = (
				849F7B4C1CFD7DF8009E6E51 /* Social App */,
			);
		};
/* End PBXProject section */

/* Begin PBXResourcesBuildPhase section */
		849F7B4B1CFD7DF8009E6E51 /* Resources */ = {
			isa = PBXResourcesBuildPhase;
			buildActionMask = 2147483647;
			files = (
				849F7B671CFD7E76009E6E51 /* Launch Screen.storyboard in Resources */,
				849F7B5B1CFD7DF8009E6E51 /* Assets.xcassets in Resources */,
				849F7B6C1CFD7EC5009E6E51 /* LoginViewController.xib in Resources */,
			);
			runOnlyForDeploymentPostprocessing = 0;
		};
/* End PBXResourcesBuildPhase section */

/* Begin PBXSourcesBuildPhase section */
		849F7B491CFD7DF8009E6E51 /* Sources */ = {
			isa = PBXSourcesBuildPhase;
			buildActionMask = 2147483647;
			files = (
				849F7B6B1CFD7EC5009E6E51 /* LoginViewController.swift in Sources */,
				849F7B511CFD7DF8009E6E51 /* AppDelegate.swift in Sources */,
				849F7B591CFD7DF8009E6E51 /* Social_App.xcdatamodeld in Sources */,
			);
			runOnlyForDeploymentPostprocessing = 0;
		};
/* End PBXSourcesBuildPhase section */

/* Begin XCBuildConfiguration section */
		849F7B601CFD7DF8009E6E51 /* Debug */ = {
			isa = XCBuildConfiguration;
			buildSettings = {
				ALWAYS_SEARCH_USER_PATHS = NO;
				CLANG_ANALYZER_NONNULL = YES;
				CLANG_CXX_LANGUAGE_STANDARD = "gnu++0x";
				CLANG_CXX_LIBRARY = "libc++";
				CLANG_ENABLE_MODULES = YES;
				CLANG_ENABLE_OBJC_ARC = YES;
				CLANG_WARN_BOOL_CONVERSION = YES;
				CLANG_WARN_CONSTANT_CONVERSION = YES;
				CLANG_WARN_DIRECT_OBJC_ISA_USAGE = YES_ERROR;
				CLANG_WARN_EMPTY_BODY = YES;
				CLANG_WARN_ENUM_CONVERSION = YES;
				CLANG_WARN_INT_CONVERSION = YES;
				CLANG_WARN_OBJC_ROOT_CLASS = YES_ERROR;
				CLANG_WARN_UNREACHABLE_CODE = YES;
				CLANG_WARN__DUPLICATE_METHOD_MATCH = YES;
				"CODE_SIGN_IDENTITY[sdk=iphoneos*]" = "iPhone Developer";
				COPY_PHASE_STRIP = NO;
				DEBUG_INFORMATION_FORMAT = dwarf;
				ENABLE_STRICT_OBJC_MSGSEND = YES;
				ENABLE_TESTABILITY = YES;
				GCC_C_LANGUAGE_STANDARD = gnu99;
				GCC_DYNAMIC_NO_PIC = NO;
				GCC_NO_COMMON_BLOCKS = YES;
				GCC_OPTIMIZATION_LEVEL = 0;
				GCC_PREPROCESSOR_DEFINITIONS = (
					"DEBUG=1",
					"$(inherited)",
				);
				GCC_WARN_64_TO_32_BIT_CONVERSION = YES;
				GCC_WARN_ABOUT_RETURN_TYPE = YES_ERROR;
				GCC_WARN_UNDECLARED_SELECTOR = YES;
				GCC_WARN_UNINITIALIZED_AUTOS = YES_AGGRESSIVE;
				GCC_WARN_UNUSED_FUNCTION = YES;
				GCC_WARN_UNUSED_VARIABLE = YES;
				IPHONEOS_DEPLOYMENT_TARGET = 9.3;
				MTL_ENABLE_DEBUG_INFO = YES;
				ONLY_ACTIVE_ARCH = YES;
				SDKROOT = iphoneos;
				SWIFT_OPTIMIZATION_LEVEL = "-Onone";
				TARGETED_DEVICE_FAMILY = "1,2";
			};
			name = Debug;
		};
		849F7B611CFD7DF8009E6E51 /* Release */ = {
			isa = XCBuildConfiguration;
			buildSettings = {
				ALWAYS_SEARCH_USER_PATHS = NO;
				CLANG_ANALYZER_NONNULL = YES;
				CLANG_CXX_LANGUAGE_STANDARD = "gnu++0x";
				CLANG_CXX_LIBRARY = "libc++";
				CLANG_ENABLE_MODULES = YES;
				CLANG_ENABLE_OBJC_ARC = YES;
				CLANG_WARN_BOOL_CONVERSION = YES;
				CLANG_WARN_CONSTANT_CONVERSION = YES;
				CLANG_WARN_DIRECT_OBJC_ISA_USAGE = YES_ERROR;
				CLANG_WARN_EMPTY_BODY = YES;
				CLANG_WARN_ENUM_CONVERSION = YES;
				CLANG_WARN_INT_CONVERSION = YES;
				CLANG_WARN_OBJC_ROOT_CLASS = YES_ERROR;
				CLANG_WARN_UNREACHABLE_CODE = YES;
				CLANG_WARN__DUPLICATE_METHOD_MATCH = YES;
				"CODE_SIGN_IDENTITY[sdk=iphoneos*]" = "iPhone Developer";
				COPY_PHASE_STRIP = NO;
				DEBUG_INFORMATION_FORMAT = "dwarf-with-dsym";
				ENABLE_NS_ASSERTIONS = NO;
				ENABLE_STRICT_OBJC_MSGSEND = YES;
				GCC_C_LANGUAGE_STANDARD = gnu99;
				GCC_NO_COMMON_BLOCKS = YES;
				GCC_WARN_64_TO_32_BIT_CONVERSION = YES;
				GCC_WARN_ABOUT_RETURN_TYPE = YES_ERROR;
				GCC_WARN_UNDECLARED_SELECTOR = YES;
				GCC_WARN_UNINITIALIZED_AUTOS = YES_AGGRESSIVE;
				GCC_WARN_UNUSED_FUNCTION = YES;
				GCC_WARN_UNUSED_VARIABLE = YES;
				IPHONEOS_DEPLOYMENT_TARGET = 9.3;
				MTL_ENABLE_DEBUG_INFO = NO;
				SDKROOT = iphoneos;
				TARGETED_DEVICE_FAMILY = "1,2";
				VALIDATE_PRODUCT = YES;
			};
			name = Release;
		};
		849F7B631CFD7DF8009E6E51 /* Debug */ = {
			isa = XCBuildConfiguration;
			buildSettings = {
				ASSETCATALOG_COMPILER_APPICON_NAME = AppIcon;
				CODE_SIGN_IDENTITY = "iPhone Developer";
				INFOPLIST_FILE = "Social App/Info.plist";
				LD_RUNPATH_SEARCH_PATHS = "$(inherited) @executable_path/Frameworks";
				PRODUCT_BUNDLE_IDENTIFIER = com.managam.SocialApp;
				PRODUCT_NAME = "$(TARGET_NAME)";
			};
			name = Debug;
		};
		849F7B641CFD7DF8009E6E51 /* Release */ = {
			isa = XCBuildConfiguration;
			buildSettings = {
				ASSETCATALOG_COMPILER_APPICON_NAME = AppIcon;
				CODE_SIGN_IDENTITY = "iPhone Developer";
				INFOPLIST_FILE = "Social App/Info.plist";
				LD_RUNPATH_SEARCH_PATHS = "$(inherited) @executable_path/Frameworks";
				PRODUCT_BUNDLE_IDENTIFIER = com.managam.SocialApp;
				PRODUCT_NAME = "$(TARGET_NAME)";
			};
			name = Release;
		};
/* End XCBuildConfiguration section */

/* Begin XCConfigurationList section */
		849F7B481CFD7DF8009E6E51 /* Build configuration list for PBXProject "Social App" */ = {
			isa = XCConfigurationList;
			buildConfigurations = (
				849F7B601CFD7DF8009E6E51 /* Debug */,
				849F7B611CFD7DF8009E6E51 /* Release */,
			);
			defaultConfigurationIsVisible = 0;
			defaultConfigurationName = Release;
		};
		849F7B621CFD7DF8009E6E51 /* Build configuration list for PBXNativeTarget "Social App" */ = {
			isa = XCConfigurationList;
			buildConfigurations = (
				849F7B631CFD7DF8009E6E51 /* Debug */,
				849F7B641CFD7DF8009E6E51 /* Release */,
			);
			defaultConfigurationIsVisible = 0;
		};
/* End XCConfigurationList section */

/* Begin XCVersionGroup section */
		849F7B571CFD7DF8009E6E51 /* Social_App.xcdatamodeld */ = {
			isa = XCVersionGroup;
			children = (
				849F7B581CFD7DF8009E6E51 /* Social_App.xcdatamodel */,
			);
			currentVersion = 849F7B581CFD7DF8009E6E51 /* Social_App.xcdatamodel */;
			path = Social_App.xcdatamodeld;
			sourceTree = "<group>";
			versionGroupType = wrapper.xcdatamodel;
		};
/* End XCVersionGroup section */
	};
	rootObject = 849F7B451CFD7DF8009E6E51 /* Project object */;
}
