// !$*UTF8*$!
{
	archiveVersion = 1;
	classes = {
	};
	objectVersion = 46;
	objects = {

/* Begin PBXBuildFile section */
		5BA67B2E1DD048220072F8FB /* AppDelegate.swift in Sources */ = {isa = PBXBuildFile; fileRef = 5BA67B2D1DD048220072F8FB /* AppDelegate.swift */; };
		5BA67B301DD048220072F8FB /* ViewController.swift in Sources */ = {isa = PBXBuildFile; fileRef = 5BA67B2F1DD048220072F8FB /* ViewController.swift */; };
		5BA67B331DD048220072F8FB /* Main.storyboard in Resources */ = {isa = PBXBuildFile; fileRef = 5BA67B311DD048220072F8FB /* Main.storyboard */; };
		5BA67B351DD048220072F8FB /* Assets.xcassets in Resources */ = {isa = PBXBuildFile; fileRef = 5BA67B341DD048220072F8FB /* Assets.xcassets */; };
		5BA67B381DD048220072F8FB /* LaunchScreen.storyboard in Resources */ = {isa = PBXBuildFile; fileRef = 5BA67B361DD048220072F8FB /* LaunchScreen.storyboard */; };
		5BA67B421DD04A6A0072F8FB /* data.txt in Resources */ = {isa = PBXBuildFile; fileRef = 5BA67B411DD04A6A0072F8FB /* data.txt */; };
		5BA67B441DD04E480072F8FB /* StreamReader.swift in Sources */ = {isa = PBXBuildFile; fileRef = 5BA67B431DD04E480072F8FB /* StreamReader.swift */; };
		5BA67B461DD056050072F8FB /* Matrix.swift in Sources */ = {isa = PBXBuildFile; fileRef = 5BA67B451DD056050072F8FB /* Matrix.swift */; };
/* End PBXBuildFile section */

/* Begin PBXFileReference section */
		5BA67B2A1DD048220072F8FB /* Test2.app */ = {isa = PBXFileReference; explicitFileType = wrapper.application; includeInIndex = 0; path = Test2.app; sourceTree = BUILT_PRODUCTS_DIR; };
		5BA67B2D1DD048220072F8FB /* AppDelegate.swift */ = {isa = PBXFileReference; lastKnownFileType = sourcecode.swift; path = AppDelegate.swift; sourceTree = "<group>"; };
		5BA67B2F1DD048220072F8FB /* ViewController.swift */ = {isa = PBXFileReference; lastKnownFileType = sourcecode.swift; path = ViewController.swift; sourceTree = "<group>"; };
		5BA67B321DD048220072F8FB /* Base */ = {isa = PBXFileReference; lastKnownFileType = file.storyboard; name = Base; path = Base.lproj/Main.storyboard; sourceTree = "<group>"; };
		5BA67B341DD048220072F8FB /* Assets.xcassets */ = {isa = PBXFileReference; lastKnownFileType = folder.assetcatalog; path = Assets.xcassets; sourceTree = "<group>"; };
		5BA67B371DD048220072F8FB /* Base */ = {isa = PBXFileReference; lastKnownFileType = file.storyboard; name = Base; path = Base.lproj/LaunchScreen.storyboard; sourceTree = "<group>"; };
		5BA67B391DD048220072F8FB /* Info.plist */ = {isa = PBXFileReference; lastKnownFileType = text.plist.xml; path = Info.plist; sourceTree = "<group>"; };
		5BA67B411DD04A6A0072F8FB /* data.txt */ = {isa = PBXFileReference; fileEncoding = 4; lastKnownFileType = text; path = data.txt; sourceTree = "<group>"; };
		5BA67B431DD04E480072F8FB /* StreamReader.swift */ = {isa = PBXFileReference; fileEncoding = 4; lastKnownFileType = sourcecode.swift; path = StreamReader.swift; sourceTree = "<group>"; };
		5BA67B451DD056050072F8FB /* Matrix.swift */ = {isa = PBXFileReference; fileEncoding = 4; lastKnownFileType = sourcecode.swift; path = Matrix.swift; sourceTree = "<group>"; };
/* End PBXFileReference section */

/* Begin PBXFrameworksBuildPhase section */
		5BA67B271DD048220072F8FB /* Frameworks */ = {
			isa = PBXFrameworksBuildPhase;
			buildActionMask = 2147483647;
			files = (
			);
			runOnlyForDeploymentPostprocessing = 0;
		};
/* End PBXFrameworksBuildPhase section */

/* Begin PBXGroup section */
		5BA67B211DD048220072F8FB = {
			isa = PBXGroup;
			children = (
				5BA67B2C1DD048220072F8FB /* Test2 */,
				5BA67B2B1DD048220072F8FB /* Products */,
			);
			sourceTree = "<group>";
		};
		5BA67B2B1DD048220072F8FB /* Products */ = {
			isa = PBXGroup;
			children = (
				5BA67B2A1DD048220072F8FB /* Test2.app */,
			);
			name = Products;
			sourceTree = "<group>";
		};
		5BA67B2C1DD048220072F8FB /* Test2 */ = {
			isa = PBXGroup;
			children = (
				5BA67B411DD04A6A0072F8FB /* data.txt */,
				5BA67B431DD04E480072F8FB /* StreamReader.swift */,
				5BA67B2D1DD048220072F8FB /* AppDelegate.swift */,
				5BA67B2F1DD048220072F8FB /* ViewController.swift */,
				5BA67B311DD048220072F8FB /* Main.storyboard */,
				5BA67B341DD048220072F8FB /* Assets.xcassets */,
				5BA67B361DD048220072F8FB /* LaunchScreen.storyboard */,
				5BA67B391DD048220072F8FB /* Info.plist */,
				5BA67B451DD056050072F8FB /* Matrix.swift */,
			);
			path = Test2;
			sourceTree = "<group>";
		};
/* End PBXGroup section */

/* Begin PBXNativeTarget section */
		5BA67B291DD048220072F8FB /* Test2 */ = {
			isa = PBXNativeTarget;
			buildConfigurationList = 5BA67B3C1DD048220072F8FB /* Build configuration list for PBXNativeTarget "Test2" */;
			buildPhases = (
				5BA67B261DD048220072F8FB /* Sources */,
				5BA67B271DD048220072F8FB /* Frameworks */,
				5BA67B281DD048220072F8FB /* Resources */,
			);
			buildRules = (
			);
			dependencies = (
			);
			name = Test2;
			productName = Test2;
			productReference = 5BA67B2A1DD048220072F8FB /* Test2.app */;
			productType = "com.apple.product-type.application";
		};
/* End PBXNativeTarget section */

/* Begin PBXProject section */
		5BA67B221DD048220072F8FB /* Project object */ = {
			isa = PBXProject;
			attributes = {
				LastSwiftUpdateCheck = 0800;
				LastUpgradeCheck = 0800;
				ORGANIZATIONNAME = "Managam Silalahi";
				TargetAttributes = {
					5BA67B291DD048220072F8FB = {
						CreatedOnToolsVersion = 8.0;
						ProvisioningStyle = Automatic;
					};
				};
			};
			buildConfigurationList = 5BA67B251DD048220072F8FB /* Build configuration list for PBXProject "Test2" */;
			compatibilityVersion = "Xcode 3.2";
			developmentRegion = English;
			hasScannedForEncodings = 0;
			knownRegions = (
				en,
				Base,
			);
			mainGroup = 5BA67B211DD048220072F8FB;
			productRefGroup = 5BA67B2B1DD048220072F8FB /* Products */;
			projectDirPath = "";
			projectRoot = "";
			targets = (
				5BA67B291DD048220072F8FB /* Test2 */,
			);
		};
/* End PBXProject section */

/* Begin PBXResourcesBuildPhase section */
		5BA67B281DD048220072F8FB /* Resources */ = {
			isa = PBXResourcesBuildPhase;
			buildActionMask = 2147483647;
			files = (
				5BA67B421DD04A6A0072F8FB /* data.txt in Resources */,
				5BA67B381DD048220072F8FB /* LaunchScreen.storyboard in Resources */,
				5BA67B351DD048220072F8FB /* Assets.xcassets in Resources */,
				5BA67B331DD048220072F8FB /* Main.storyboard in Resources */,
			);
			runOnlyForDeploymentPostprocessing = 0;
		};
/* End PBXResourcesBuildPhase section */

/* Begin PBXSourcesBuildPhase section */
		5BA67B261DD048220072F8FB /* Sources */ = {
			isa = PBXSourcesBuildPhase;
			buildActionMask = 2147483647;
			files = (
				5BA67B461DD056050072F8FB /* Matrix.swift in Sources */,
				5BA67B441DD04E480072F8FB /* StreamReader.swift in Sources */,
				5BA67B301DD048220072F8FB /* ViewController.swift in Sources */,
				5BA67B2E1DD048220072F8FB /* AppDelegate.swift in Sources */,
			);
			runOnlyForDeploymentPostprocessing = 0;
		};
/* End PBXSourcesBuildPhase section */

/* Begin PBXVariantGroup section */
		5BA67B311DD048220072F8FB /* Main.storyboard */ = {
			isa = PBXVariantGroup;
			children = (
				5BA67B321DD048220072F8FB /* Base */,
			);
			name = Main.storyboard;
			sourceTree = "<group>";
		};
		5BA67B361DD048220072F8FB /* LaunchScreen.storyboard */ = {
			isa = PBXVariantGroup;
			children = (
				5BA67B371DD048220072F8FB /* Base */,
			);
			name = LaunchScreen.storyboard;
			sourceTree = "<group>";
		};
/* End PBXVariantGroup section */

/* Begin XCBuildConfiguration section */
		5BA67B3A1DD048220072F8FB /* Debug */ = {
			isa = XCBuildConfiguration;
			buildSettings = {
				ALWAYS_SEARCH_USER_PATHS = NO;
				CLANG_ANALYZER_NONNULL = YES;
				CLANG_CXX_LANGUAGE_STANDARD = "gnu++0x";
				CLANG_CXX_LIBRARY = "libc++";
				CLANG_ENABLE_MODULES = YES;
				CLANG_ENABLE_OBJC_ARC = YES;
				CLANG_WARN_BOOL_CONVERSION = YES;
				CLANG_WARN_CONSTANT_CONVERSION = YES;
				CLANG_WARN_DIRECT_OBJC_ISA_USAGE = YES_ERROR;
				CLANG_WARN_DOCUMENTATION_COMMENTS = YES;
				CLANG_WARN_EMPTY_BODY = YES;
				CLANG_WARN_ENUM_CONVERSION = YES;
				CLANG_WARN_INFINITE_RECURSION = YES;
				CLANG_WARN_INT_CONVERSION = YES;
				CLANG_WARN_OBJC_ROOT_CLASS = YES_ERROR;
				CLANG_WARN_SUSPICIOUS_MOVES = YES;
				CLANG_WARN_UNREACHABLE_CODE = YES;
				CLANG_WARN__DUPLICATE_METHOD_MATCH = YES;
				"CODE_SIGN_IDENTITY[sdk=iphoneos*]" = "iPhone Developer";
				COPY_PHASE_STRIP = NO;
				DEBUG_INFORMATION_FORMAT = dwarf;
				ENABLE_STRICT_OBJC_MSGSEND = YES;
				ENABLE_TESTABILITY = YES;
				GCC_C_LANGUAGE_STANDARD = gnu99;
				GCC_DYNAMIC_NO_PIC = NO;
				GCC_NO_COMMON_BLOCKS = YES;
				GCC_OPTIMIZATION_LEVEL = 0;
				GCC_PREPROCESSOR_DEFINITIONS = (
					"DEBUG=1",
					"$(inherited)",
				);
				GCC_WARN_64_TO_32_BIT_CONVERSION = YES;
				GCC_WARN_ABOUT_RETURN_TYPE = YES_ERROR;
				GCC_WARN_UNDECLARED_SELECTOR = YES;
				GCC_WARN_UNINITIALIZED_AUTOS = YES_AGGRESSIVE;
				GCC_WARN_UNUSED_FUNCTION = YES;
				GCC_WARN_UNUSED_VARIABLE = YES;
				IPHONEOS_DEPLOYMENT_TARGET = 10.0;
				MTL_ENABLE_DEBUG_INFO = YES;
				ONLY_ACTIVE_ARCH = YES;
				SDKROOT = iphoneos;
				SWIFT_ACTIVE_COMPILATION_CONDITIONS = DEBUG;
				SWIFT_OPTIMIZATION_LEVEL = "-Onone";
			};
			name = Debug;
		};
		5BA67B3B1DD048220072F8FB /* Release */ = {
			isa = XCBuildConfiguration;
			buildSettings = {
				ALWAYS_SEARCH_USER_PATHS = NO;
				CLANG_ANALYZER_NONNULL = YES;
				CLANG_CXX_LANGUAGE_STANDARD = "gnu++0x";
				CLANG_CXX_LIBRARY = "libc++";
				CLANG_ENABLE_MODULES = YES;
				CLANG_ENABLE_OBJC_ARC = YES;
				CLANG_WARN_BOOL_CONVERSION = YES;
				CLANG_WARN_CONSTANT_CONVERSION = YES;
				CLANG_WARN_DIRECT_OBJC_ISA_USAGE = YES_ERROR;
				CLANG_WARN_DOCUMENTATION_COMMENTS = YES;
				CLANG_WARN_EMPTY_BODY = YES;
				CLANG_WARN_ENUM_CONVERSION = YES;
				CLANG_WARN_INFINITE_RECURSION = YES;
				CLANG_WARN_INT_CONVERSION = YES;
				CLANG_WARN_OBJC_ROOT_CLASS = YES_ERROR;
				CLANG_WARN_SUSPICIOUS_MOVES = YES;
				CLANG_WARN_UNREACHABLE_CODE = YES;
				CLANG_WARN__DUPLICATE_METHOD_MATCH = YES;
				"CODE_SIGN_IDENTITY[sdk=iphoneos*]" = "iPhone Developer";
				COPY_PHASE_STRIP = NO;
				DEBUG_INFORMATION_FORMAT = "dwarf-with-dsym";
				ENABLE_NS_ASSERTIONS = NO;
				ENABLE_STRICT_OBJC_MSGSEND = YES;
				GCC_C_LANGUAGE_STANDARD = gnu99;
				GCC_NO_COMMON_BLOCKS = YES;
				GCC_WARN_64_TO_32_BIT_CONVERSION = YES;
				GCC_WARN_ABOUT_RETURN_TYPE = YES_ERROR;
				GCC_WARN_UNDECLARED_SELECTOR = YES;
				GCC_WARN_UNINITIALIZED_AUTOS = YES_AGGRESSIVE;
				GCC_WARN_UNUSED_FUNCTION = YES;
				GCC_WARN_UNUSED_VARIABLE = YES;
				IPHONEOS_DEPLOYMENT_TARGET = 10.0;
				MTL_ENABLE_DEBUG_INFO = NO;
				SDKROOT = iphoneos;
				SWIFT_OPTIMIZATION_LEVEL = "-Owholemodule";
				VALIDATE_PRODUCT = YES;
			};
			name = Release;
		};
		5BA67B3D1DD048220072F8FB /* Debug */ = {
			isa = XCBuildConfiguration;
			buildSettings = {
				ASSETCATALOG_COMPILER_APPICON_NAME = AppIcon;
				INFOPLIST_FILE = Test2/Info.plist;
				LD_RUNPATH_SEARCH_PATHS = "$(inherited) @executable_path/Frameworks";
				PRODUCT_BUNDLE_IDENTIFIER = com.managam.Test2;
				PRODUCT_NAME = "$(TARGET_NAME)";
				SWIFT_VERSION = 3.0;
			};
			name = Debug;
		};
		5BA67B3E1DD048220072F8FB /* Release */ = {
			isa = XCBuildConfiguration;
			buildSettings = {
				ASSETCATALOG_COMPILER_APPICON_NAME = AppIcon;
				INFOPLIST_FILE = Test2/Info.plist;
				LD_RUNPATH_SEARCH_PATHS = "$(inherited) @executable_path/Frameworks";
				PRODUCT_BUNDLE_IDENTIFIER = com.managam.Test2;
				PRODUCT_NAME = "$(TARGET_NAME)";
				SWIFT_VERSION = 3.0;
			};
			name = Release;
		};
/* End XCBuildConfiguration section */

/* Begin XCConfigurationList section */
		5BA67B251DD048220072F8FB /* Build configuration list for PBXProject "Test2" */ = {
			isa = XCConfigurationList;
			buildConfigurations = (
				5BA67B3A1DD048220072F8FB /* Debug */,
				5BA67B3B1DD048220072F8FB /* Release */,
			);
			defaultConfigurationIsVisible = 0;
			defaultConfigurationName = Release;
		};
		5BA67B3C1DD048220072F8FB /* Build configuration list for PBXNativeTarget "Test2" */ = {
			isa = XCConfigurationList;
			buildConfigurations = (
				5BA67B3D1DD048220072F8FB /* Debug */,
				5BA67B3E1DD048220072F8FB /* Release */,
			);
			defaultConfigurationIsVisible = 0;
		};
/* End XCConfigurationList section */
	};
	rootObject = 5BA67B221DD048220072F8FB /* Project object */;
}
