// !$*UTF8*$!
{
	archiveVersion = 1;
	classes = {
	};
	objectVersion = 46;
	objects = {

/* Begin PBXBuildFile section */
		F4AAE2BB1B7DAC29001D8E75 /* AppDelegate.swift in Sources */ = {isa = PBXBuildFile; fileRef = F4AAE2BA1B7DAC29001D8E75 /* AppDelegate.swift */; };
		F4AAE2C01B7DAC29001D8E75 /* Main.storyboard in Resources */ = {isa = PBXBuildFile; fileRef = F4AAE2BE1B7DAC29001D8E75 /* Main.storyboard */; };
		F4AAE2C21B7DAC29001D8E75 /* Assets.xcassets in Resources */ = {isa = PBXBuildFile; fileRef = F4AAE2C11B7DAC29001D8E75 /* Assets.xcassets */; };
		F4AAE2C51B7DAC29001D8E75 /* LaunchScreen.storyboard in Resources */ = {isa = PBXBuildFile; fileRef = F4AAE2C31B7DAC29001D8E75 /* LaunchScreen.storyboard */; };
		F4AAE2CD1B7DB3A9001D8E75 /* RestaurantTableViewController.swift in Sources */ = {isa = PBXBuildFile; fileRef = F4AAE2CC1B7DB3A9001D8E75 /* RestaurantTableViewController.swift */; };
		F4C566211B7EEB00008C8AEF /* RestaurantTableViewCell.swift in Sources */ = {isa = PBXBuildFile; fileRef = F4C566201B7EEB00008C8AEF /* RestaurantTableViewCell.swift */; };
/* End PBXBuildFile section */

/* Begin PBXFileReference section */
		F4AAE2B71B7DAC29001D8E75 /* FoodPin.app */ = {isa = PBXFileReference; explicitFileType = wrapper.application; includeInIndex = 0; path = FoodPin.app; sourceTree = BUILT_PRODUCTS_DIR; };
		F4AAE2BA1B7DAC29001D8E75 /* AppDelegate.swift */ = {isa = PBXFileReference; lastKnownFileType = sourcecode.swift; path = AppDelegate.swift; sourceTree = "<group>"; };
		F4AAE2BF1B7DAC29001D8E75 /* Base */ = {isa = PBXFileReference; lastKnownFileType = file.storyboard; name = Base; path = Base.lproj/Main.storyboard; sourceTree = "<group>"; };
		F4AAE2C11B7DAC29001D8E75 /* Assets.xcassets */ = {isa = PBXFileReference; lastKnownFileType = folder.assetcatalog; path = Assets.xcassets; sourceTree = "<group>"; };
		F4AAE2C41B7DAC29001D8E75 /* Base */ = {isa = PBXFileReference; lastKnownFileType = file.storyboard; name = Base; path = Base.lproj/LaunchScreen.storyboard; sourceTree = "<group>"; };
		F4AAE2C61B7DAC29001D8E75 /* Info.plist */ = {isa = PBXFileReference; lastKnownFileType = text.plist.xml; path = Info.plist; sourceTree = "<group>"; };
		F4AAE2CC1B7DB3A9001D8E75 /* RestaurantTableViewController.swift */ = {isa = PBXFileReference; fileEncoding = 4; lastKnownFileType = sourcecode.swift; path = RestaurantTableViewController.swift; sourceTree = "<group>"; };
		F4C566201B7EEB00008C8AEF /* RestaurantTableViewCell.swift */ = {isa = PBXFileReference; fileEncoding = 4; lastKnownFileType = sourcecode.swift; path = RestaurantTableViewCell.swift; sourceTree = "<group>"; };
/* End PBXFileReference section */

/* Begin PBXFrameworksBuildPhase section */
		F4AAE2B41B7DAC29001D8E75 /* Frameworks */ = {
			isa = PBXFrameworksBuildPhase;
			buildActionMask = 2147483647;
			files = (
			);
			runOnlyForDeploymentPostprocessing = 0;
		};
/* End PBXFrameworksBuildPhase section */

/* Begin PBXGroup section */
		F4AAE2AE1B7DAC29001D8E75 = {
			isa = PBXGroup;
			children = (
				F4AAE2B91B7DAC29001D8E75 /* FoodPin */,
				F4AAE2B81B7DAC29001D8E75 /* Products */,
			);
			sourceTree = "<group>";
		};
		F4AAE2B81B7DAC29001D8E75 /* Products */ = {
			isa = PBXGroup;
			children = (
				F4AAE2B71B7DAC29001D8E75 /* FoodPin.app */,
			);
			name = Products;
			sourceTree = "<group>";
		};
		F4AAE2B91B7DAC29001D8E75 /* FoodPin */ = {
			isa = PBXGroup;
			children = (
				F4AAE2BA1B7DAC29001D8E75 /* AppDelegate.swift */,
				F4AAE2BE1B7DAC29001D8E75 /* Main.storyboard */,
				F4AAE2C11B7DAC29001D8E75 /* Assets.xcassets */,
				F4AAE2C31B7DAC29001D8E75 /* LaunchScreen.storyboard */,
				F4AAE2C61B7DAC29001D8E75 /* Info.plist */,
				F4AAE2CC1B7DB3A9001D8E75 /* RestaurantTableViewController.swift */,
				F4C566201B7EEB00008C8AEF /* RestaurantTableViewCell.swift */,
			);
			path = FoodPin;
			sourceTree = "<group>";
		};
/* End PBXGroup section */

/* Begin PBXNativeTarget section */
		F4AAE2B61B7DAC29001D8E75 /* FoodPin */ = {
			isa = PBXNativeTarget;
			buildConfigurationList = F4AAE2C91B7DAC29001D8E75 /* Build configuration list for PBXNativeTarget "FoodPin" */;
			buildPhases = (
				F4AAE2B31B7DAC29001D8E75 /* Sources */,
				F4AAE2B41B7DAC29001D8E75 /* Frameworks */,
				F4AAE2B51B7DAC29001D8E75 /* Resources */,
			);
			buildRules = (
			);
			dependencies = (
			);
			name = FoodPin;
			productName = FoodPin;
			productReference = F4AAE2B71B7DAC29001D8E75 /* FoodPin.app */;
			productType = "com.apple.product-type.application";
		};
/* End PBXNativeTarget section */

/* Begin PBXProject section */
		F4AAE2AF1B7DAC29001D8E75 /* Project object */ = {
			isa = PBXProject;
			attributes = {
				LastUpgradeCheck = 0700;
				ORGANIZATIONNAME = AppCoda;
				TargetAttributes = {
					F4AAE2B61B7DAC29001D8E75 = {
						CreatedOnToolsVersion = 7.0;
					};
				};
			};
			buildConfigurationList = F4AAE2B21B7DAC29001D8E75 /* Build configuration list for PBXProject "FoodPin" */;
			compatibilityVersion = "Xcode 3.2";
			developmentRegion = English;
			hasScannedForEncodings = 0;
			knownRegions = (
				en,
				Base,
			);
			mainGroup = F4AAE2AE1B7DAC29001D8E75;
			productRefGroup = F4AAE2B81B7DAC29001D8E75 /* Products */;
			projectDirPath = "";
			projectRoot = "";
			targets = (
				F4AAE2B61B7DAC29001D8E75 /* FoodPin */,
			);
		};
/* End PBXProject section */

/* Begin PBXResourcesBuildPhase section */
		F4AAE2B51B7DAC29001D8E75 /* Resources */ = {
			isa = PBXResourcesBuildPhase;
			buildActionMask = 2147483647;
			files = (
				F4AAE2C51B7DAC29001D8E75 /* LaunchScreen.storyboard in Resources */,
				F4AAE2C21B7DAC29001D8E75 /* Assets.xcassets in Resources */,
				F4AAE2C01B7DAC29001D8E75 /* Main.storyboard in Resources */,
			);
			runOnlyForDeploymentPostprocessing = 0;
		};
/* End PBXResourcesBuildPhase section */

/* Begin PBXSourcesBuildPhase section */
		F4AAE2B31B7DAC29001D8E75 /* Sources */ = {
			isa = PBXSourcesBuildPhase;
			buildActionMask = 2147483647;
			files = (
				F4AAE2CD1B7DB3A9001D8E75 /* RestaurantTableViewController.swift in Sources */,
				F4C566211B7EEB00008C8AEF /* RestaurantTableViewCell.swift in Sources */,
				F4AAE2BB1B7DAC29001D8E75 /* AppDelegate.swift in Sources */,
			);
			runOnlyForDeploymentPostprocessing = 0;
		};
/* End PBXSourcesBuildPhase section */

/* Begin PBXVariantGroup section */
		F4AAE2BE1B7DAC29001D8E75 /* Main.storyboard */ = {
			isa = PBXVariantGroup;
			children = (
				F4AAE2BF1B7DAC29001D8E75 /* Base */,
			);
			name = Main.storyboard;
			sourceTree = "<group>";
		};
		F4AAE2C31B7DAC29001D8E75 /* LaunchScreen.storyboard */ = {
			isa = PBXVariantGroup;
			children = (
				F4AAE2C41B7DAC29001D8E75 /* Base */,
			);
			name = LaunchScreen.storyboard;
			sourceTree = "<group>";
		};
/* End PBXVariantGroup section */

/* Begin XCBuildConfiguration section */
		F4AAE2C71B7DAC29001D8E75 /* Debug */ = {
			isa = XCBuildConfiguration;
			buildSettings = {
				ALWAYS_SEARCH_USER_PATHS = NO;
				CLANG_CXX_LANGUAGE_STANDARD = "gnu++0x";
				CLANG_CXX_LIBRARY = "libc++";
				CLANG_ENABLE_MODULES = YES;
				CLANG_ENABLE_OBJC_ARC = YES;
				CLANG_WARN_BOOL_CONVERSION = YES;
				CLANG_WARN_CONSTANT_CONVERSION = YES;
				CLANG_WARN_DIRECT_OBJC_ISA_USAGE = YES_ERROR;
				CLANG_WARN_EMPTY_BODY = YES;
				CLANG_WARN_ENUM_CONVERSION = YES;
				CLANG_WARN_INT_CONVERSION = YES;
				CLANG_WARN_OBJC_ROOT_CLASS = YES_ERROR;
				CLANG_WARN_UNREACHABLE_CODE = YES;
				CLANG_WARN__DUPLICATE_METHOD_MATCH = YES;
				"CODE_SIGN_IDENTITY[sdk=iphoneos*]" = "iPhone Developer";
				COPY_PHASE_STRIP = NO;
				DEBUG_INFORMATION_FORMAT = dwarf;
				ENABLE_STRICT_OBJC_MSGSEND = YES;
				ENABLE_TESTABILITY = YES;
				GCC_C_LANGUAGE_STANDARD = gnu99;
				GCC_DYNAMIC_NO_PIC = NO;
				GCC_NO_COMMON_BLOCKS = YES;
				GCC_OPTIMIZATION_LEVEL = 0;
				GCC_PREPROCESSOR_DEFINITIONS = (
					"DEBUG=1",
					"$(inherited)",
				);
				GCC_WARN_64_TO_32_BIT_CONVERSION = YES;
				GCC_WARN_ABOUT_RETURN_TYPE = YES_ERROR;
				GCC_WARN_UNDECLARED_SELECTOR = YES;
				GCC_WARN_UNINITIALIZED_AUTOS = YES_AGGRESSIVE;
				GCC_WARN_UNUSED_FUNCTION = YES;
				GCC_WARN_UNUSED_VARIABLE = YES;
				IPHONEOS_DEPLOYMENT_TARGET = 9.0;
				MTL_ENABLE_DEBUG_INFO = YES;
				ONLY_ACTIVE_ARCH = YES;
				SDKROOT = iphoneos;
				SWIFT_OPTIMIZATION_LEVEL = "-Onone";
			};
			name = Debug;
		};
		F4AAE2C81B7DAC29001D8E75 /* Release */ = {
			isa = XCBuildConfiguration;
			buildSettings = {
				ALWAYS_SEARCH_USER_PATHS = NO;
				CLANG_CXX_LANGUAGE_STANDARD = "gnu++0x";
				CLANG_CXX_LIBRARY = "libc++";
				CLANG_ENABLE_MODULES = YES;
				CLANG_ENABLE_OBJC_ARC = YES;
				CLANG_WARN_BOOL_CONVERSION = YES;
				CLANG_WARN_CONSTANT_CONVERSION = YES;
				CLANG_WARN_DIRECT_OBJC_ISA_USAGE = YES_ERROR;
				CLANG_WARN_EMPTY_BODY = YES;
				CLANG_WARN_ENUM_CONVERSION = YES;
				CLANG_WARN_INT_CONVERSION = YES;
				CLANG_WARN_OBJC_ROOT_CLASS = YES_ERROR;
				CLANG_WARN_UNREACHABLE_CODE = YES;
				CLANG_WARN__DUPLICATE_METHOD_MATCH = YES;
				"CODE_SIGN_IDENTITY[sdk=iphoneos*]" = "iPhone Developer";
				COPY_PHASE_STRIP = NO;
				DEBUG_INFORMATION_FORMAT = "dwarf-with-dsym";
				ENABLE_NS_ASSERTIONS = NO;
				ENABLE_STRICT_OBJC_MSGSEND = YES;
				GCC_C_LANGUAGE_STANDARD = gnu99;
				GCC_NO_COMMON_BLOCKS = YES;
				GCC_WARN_64_TO_32_BIT_CONVERSION = YES;
				GCC_WARN_ABOUT_RETURN_TYPE = YES_ERROR;
				GCC_WARN_UNDECLARED_SELECTOR = YES;
				GCC_WARN_UNINITIALIZED_AUTOS = YES_AGGRESSIVE;
				GCC_WARN_UNUSED_FUNCTION = YES;
				GCC_WARN_UNUSED_VARIABLE = YES;
				IPHONEOS_DEPLOYMENT_TARGET = 9.0;
				MTL_ENABLE_DEBUG_INFO = NO;
				SDKROOT = iphoneos;
				VALIDATE_PRODUCT = YES;
			};
			name = Release;
		};
		F4AAE2CA1B7DAC29001D8E75 /* Debug */ = {
			isa = XCBuildConfiguration;
			buildSettings = {
				ASSETCATALOG_COMPILER_APPICON_NAME = AppIcon;
				INFOPLIST_FILE = FoodPin/Info.plist;
				LD_RUNPATH_SEARCH_PATHS = "$(inherited) @executable_path/Frameworks";
				PRODUCT_BUNDLE_IDENTIFIER = com.appcoda.FoodPin;
				PRODUCT_NAME = "$(TARGET_NAME)";
			};
			name = Debug;
		};
		F4AAE2CB1B7DAC29001D8E75 /* Release */ = {
			isa = XCBuildConfiguration;
			buildSettings = {
				ASSETCATALOG_COMPILER_APPICON_NAME = AppIcon;
				INFOPLIST_FILE = FoodPin/Info.plist;
				LD_RUNPATH_SEARCH_PATHS = "$(inherited) @executable_path/Frameworks";
				PRODUCT_BUNDLE_IDENTIFIER = com.appcoda.FoodPin;
				PRODUCT_NAME = "$(TARGET_NAME)";
			};
			name = Release;
		};
/* End XCBuildConfiguration section */

/* Begin XCConfigurationList section */
		F4AAE2B21B7DAC29001D8E75 /* Build configuration list for PBXProject "FoodPin" */ = {
			isa = XCConfigurationList;
			buildConfigurations = (
				F4AAE2C71B7DAC29001D8E75 /* Debug */,
				F4AAE2C81B7DAC29001D8E75 /* Release */,
			);
			defaultConfigurationIsVisible = 0;
			defaultConfigurationName = Release;
		};
		F4AAE2C91B7DAC29001D8E75 /* Build configuration list for PBXNativeTarget "FoodPin" */ = {
			isa = XCConfigurationList;
			buildConfigurations = (
				F4AAE2CA1B7DAC29001D8E75 /* Debug */,
				F4AAE2CB1B7DAC29001D8E75 /* Release */,
			);
			defaultConfigurationIsVisible = 0;
			defaultConfigurationName = Release;
		};
/* End XCConfigurationList section */
	};
	rootObject = F4AAE2AF1B7DAC29001D8E75 /* Project object */;
}
