// !$*UTF8*$!
{
	archiveVersion = 1;
	classes = {
	};
	objectVersion = 46;
	objects = {

/* Begin PBXBuildFile section */
		5B5325E31D7EFB200054B45C /* AppDelegate.swift in Sources */ = {isa = PBXBuildFile; fileRef = 5B5325E21D7EFB200054B45C /* AppDelegate.swift */; };
		5B5325E51D7EFB200054B45C /* ViewController.swift in Sources */ = {isa = PBXBuildFile; fileRef = 5B5325E41D7EFB200054B45C /* ViewController.swift */; };
		5B5325E81D7EFB200054B45C /* Main.storyboard in Resources */ = {isa = PBXBuildFile; fileRef = 5B5325E61D7EFB200054B45C /* Main.storyboard */; };
		5B5325EA1D7EFB200054B45C /* Assets.xcassets in Resources */ = {isa = PBXBuildFile; fileRef = 5B5325E91D7EFB200054B45C /* Assets.xcassets */; };
		5B5325ED1D7EFB200054B45C /* LaunchScreen.storyboard in Resources */ = {isa = PBXBuildFile; fileRef = 5B5325EB1D7EFB200054B45C /* LaunchScreen.storyboard */; };
/* End PBXBuildFile section */

/* Begin PBXFileReference section */
		5B5325DF1D7EFB200054B45C /* Calculator.app */ = {isa = PBXFileReference; explicitFileType = wrapper.application; includeInIndex = 0; path = Calculator.app; sourceTree = BUILT_PRODUCTS_DIR; };
		5B5325E21D7EFB200054B45C /* AppDelegate.swift */ = {isa = PBXFileReference; lastKnownFileType = sourcecode.swift; path = AppDelegate.swift; sourceTree = "<group>"; };
		5B5325E41D7EFB200054B45C /* ViewController.swift */ = {isa = PBXFileReference; lastKnownFileType = sourcecode.swift; path = ViewController.swift; sourceTree = "<group>"; };
		5B5325E71D7EFB200054B45C /* Base */ = {isa = PBXFileReference; lastKnownFileType = file.storyboard; name = Base; path = Base.lproj/Main.storyboard; sourceTree = "<group>"; };
		5B5325E91D7EFB200054B45C /* Assets.xcassets */ = {isa = PBXFileReference; lastKnownFileType = folder.assetcatalog; path = Assets.xcassets; sourceTree = "<group>"; };
		5B5325EC1D7EFB200054B45C /* Base */ = {isa = PBXFileReference; lastKnownFileType = file.storyboard; name = Base; path = Base.lproj/LaunchScreen.storyboard; sourceTree = "<group>"; };
		5B5325EE1D7EFB200054B45C /* Info.plist */ = {isa = PBXFileReference; lastKnownFileType = text.plist.xml; path = Info.plist; sourceTree = "<group>"; };
/* End PBXFileReference section */

/* Begin PBXFrameworksBuildPhase section */
		5B5325DC1D7EFB200054B45C /* Frameworks */ = {
			isa = PBXFrameworksBuildPhase;
			buildActionMask = 2147483647;
			files = (
			);
			runOnlyForDeploymentPostprocessing = 0;
		};
/* End PBXFrameworksBuildPhase section */

/* Begin PBXGroup section */
		5B5325D61D7EFB200054B45C = {
			isa = PBXGroup;
			children = (
				5B5325E11D7EFB200054B45C /* Calculator */,
				5B5325E01D7EFB200054B45C /* Products */,
			);
			sourceTree = "<group>";
		};
		5B5325E01D7EFB200054B45C /* Products */ = {
			isa = PBXGroup;
			children = (
				5B5325DF1D7EFB200054B45C /* Calculator.app */,
			);
			name = Products;
			sourceTree = "<group>";
		};
		5B5325E11D7EFB200054B45C /* Calculator */ = {
			isa = PBXGroup;
			children = (
				5B5325E41D7EFB200054B45C /* ViewController.swift */,
				5B5325E61D7EFB200054B45C /* Main.storyboard */,
				5B5325F41D7EFCB50054B45C /* Supporting Files */,
			);
			path = Calculator;
			sourceTree = "<group>";
		};
		5B5325F41D7EFCB50054B45C /* Supporting Files */ = {
			isa = PBXGroup;
			children = (
				5B5325E21D7EFB200054B45C /* AppDelegate.swift */,
				5B5325E91D7EFB200054B45C /* Assets.xcassets */,
				5B5325EB1D7EFB200054B45C /* LaunchScreen.storyboard */,
				5B5325EE1D7EFB200054B45C /* Info.plist */,
			);
			name = "Supporting Files";
			sourceTree = "<group>";
		};
/* End PBXGroup section */

/* Begin PBXNativeTarget section */
		5B5325DE1D7EFB200054B45C /* Calculator */ = {
			isa = PBXNativeTarget;
			buildConfigurationList = 5B5325F11D7EFB200054B45C /* Build configuration list for PBXNativeTarget "Calculator" */;
			buildPhases = (
				5B5325DB1D7EFB200054B45C /* Sources */,
				5B5325DC1D7EFB200054B45C /* Frameworks */,
				5B5325DD1D7EFB200054B45C /* Resources */,
			);
			buildRules = (
			);
			dependencies = (
			);
			name = Calculator;
			productName = Calculator;
			productReference = 5B5325DF1D7EFB200054B45C /* Calculator.app */;
			productType = "com.apple.product-type.application";
		};
/* End PBXNativeTarget section */

/* Begin PBXProject section */
		5B5325D71D7EFB200054B45C /* Project object */ = {
			isa = PBXProject;
			attributes = {
				LastSwiftUpdateCheck = 0730;
				LastUpgradeCheck = 0730;
				ORGANIZATIONNAME = "Managam Silalahi";
				TargetAttributes = {
					5B5325DE1D7EFB200054B45C = {
						CreatedOnToolsVersion = 7.3.1;
					};
				};
			};
			buildConfigurationList = 5B5325DA1D7EFB200054B45C /* Build configuration list for PBXProject "Calculator" */;
			compatibilityVersion = "Xcode 3.2";
			developmentRegion = English;
			hasScannedForEncodings = 0;
			knownRegions = (
				en,
				Base,
			);
			mainGroup = 5B5325D61D7EFB200054B45C;
			productRefGroup = 5B5325E01D7EFB200054B45C /* Products */;
			projectDirPath = "";
			projectRoot = "";
			targets = (
				5B5325DE1D7EFB200054B45C /* Calculator */,
			);
		};
/* End PBXProject section */

/* Begin PBXResourcesBuildPhase section */
		5B5325DD1D7EFB200054B45C /* Resources */ = {
			isa = PBXResourcesBuildPhase;
			buildActionMask = 2147483647;
			files = (
				5B5325ED1D7EFB200054B45C /* LaunchScreen.storyboard in Resources */,
				5B5325EA1D7EFB200054B45C /* Assets.xcassets in Resources */,
				5B5325E81D7EFB200054B45C /* Main.storyboard in Resources */,
			);
			runOnlyForDeploymentPostprocessing = 0;
		};
/* End PBXResourcesBuildPhase section */

/* Begin PBXSourcesBuildPhase section */
		5B5325DB1D7EFB200054B45C /* Sources */ = {
			isa = PBXSourcesBuildPhase;
			buildActionMask = 2147483647;
			files = (
				5B5325E51D7EFB200054B45C /* ViewController.swift in Sources */,
				5B5325E31D7EFB200054B45C /* AppDelegate.swift in Sources */,
			);
			runOnlyForDeploymentPostprocessing = 0;
		};
/* End PBXSourcesBuildPhase section */

/* Begin PBXVariantGroup section */
		5B5325E61D7EFB200054B45C /* Main.storyboard */ = {
			isa = PBXVariantGroup;
			children = (
				5B5325E71D7EFB200054B45C /* Base */,
			);
			name = Main.storyboard;
			sourceTree = "<group>";
		};
		5B5325EB1D7EFB200054B45C /* LaunchScreen.storyboard */ = {
			isa = PBXVariantGroup;
			children = (
				5B5325EC1D7EFB200054B45C /* Base */,
			);
			name = LaunchScreen.storyboard;
			sourceTree = "<group>";
		};
/* End PBXVariantGroup section */

/* Begin XCBuildConfiguration section */
		5B5325EF1D7EFB200054B45C /* Debug */ = {
			isa = XCBuildConfiguration;
			buildSettings = {
				ALWAYS_SEARCH_USER_PATHS = NO;
				CLANG_ANALYZER_NONNULL = YES;
				CLANG_CXX_LANGUAGE_STANDARD = "gnu++0x";
				CLANG_CXX_LIBRARY = "libc++";
				CLANG_ENABLE_MODULES = YES;
				CLANG_ENABLE_OBJC_ARC = YES;
				CLANG_WARN_BOOL_CONVERSION = YES;
				CLANG_WARN_CONSTANT_CONVERSION = YES;
				CLANG_WARN_DIRECT_OBJC_ISA_USAGE = YES_ERROR;
				CLANG_WARN_EMPTY_BODY = YES;
				CLANG_WARN_ENUM_CONVERSION = YES;
				CLANG_WARN_INT_CONVERSION = YES;
				CLANG_WARN_OBJC_ROOT_CLASS = YES_ERROR;
				CLANG_WARN_UNREACHABLE_CODE = YES;
				CLANG_WARN__DUPLICATE_METHOD_MATCH = YES;
				"CODE_SIGN_IDENTITY[sdk=iphoneos*]" = "iPhone Developer";
				COPY_PHASE_STRIP = NO;
				DEBUG_INFORMATION_FORMAT = dwarf;
				ENABLE_STRICT_OBJC_MSGSEND = YES;
				ENABLE_TESTABILITY = YES;
				GCC_C_LANGUAGE_STANDARD = gnu99;
				GCC_DYNAMIC_NO_PIC = NO;
				GCC_NO_COMMON_BLOCKS = YES;
				GCC_OPTIMIZATION_LEVEL = 0;
				GCC_PREPROCESSOR_DEFINITIONS = (
					"DEBUG=1",
					"$(inherited)",
				);
				GCC_WARN_64_TO_32_BIT_CONVERSION = YES;
				GCC_WARN_ABOUT_RETURN_TYPE = YES_ERROR;
				GCC_WARN_UNDECLARED_SELECTOR = YES;
				GCC_WARN_UNINITIALIZED_AUTOS = YES_AGGRESSIVE;
				GCC_WARN_UNUSED_FUNCTION = YES;
				GCC_WARN_UNUSED_VARIABLE = YES;
				IPHONEOS_DEPLOYMENT_TARGET = 9.3;
				MTL_ENABLE_DEBUG_INFO = YES;
				ONLY_ACTIVE_ARCH = YES;
				SDKROOT = iphoneos;
				SWIFT_OPTIMIZATION_LEVEL = "-Onone";
			};
			name = Debug;
		};
		5B5325F01D7EFB200054B45C /* Release */ = {
			isa = XCBuildConfiguration;
			buildSettings = {
				ALWAYS_SEARCH_USER_PATHS = NO;
				CLANG_ANALYZER_NONNULL = YES;
				CLANG_CXX_LANGUAGE_STANDARD = "gnu++0x";
				CLANG_CXX_LIBRARY = "libc++";
				CLANG_ENABLE_MODULES = YES;
				CLANG_ENABLE_OBJC_ARC = YES;
				CLANG_WARN_BOOL_CONVERSION = YES;
				CLANG_WARN_CONSTANT_CONVERSION = YES;
				CLANG_WARN_DIRECT_OBJC_ISA_USAGE = YES_ERROR;
				CLANG_WARN_EMPTY_BODY = YES;
				CLANG_WARN_ENUM_CONVERSION = YES;
				CLANG_WARN_INT_CONVERSION = YES;
				CLANG_WARN_OBJC_ROOT_CLASS = YES_ERROR;
				CLANG_WARN_UNREACHABLE_CODE = YES;
				CLANG_WARN__DUPLICATE_METHOD_MATCH = YES;
				"CODE_SIGN_IDENTITY[sdk=iphoneos*]" = "iPhone Developer";
				COPY_PHASE_STRIP = NO;
				DEBUG_INFORMATION_FORMAT = "dwarf-with-dsym";
				ENABLE_NS_ASSERTIONS = NO;
				ENABLE_STRICT_OBJC_MSGSEND = YES;
				GCC_C_LANGUAGE_STANDARD = gnu99;
				GCC_NO_COMMON_BLOCKS = YES;
				GCC_WARN_64_TO_32_BIT_CONVERSION = YES;
				GCC_WARN_ABOUT_RETURN_TYPE = YES_ERROR;
				GCC_WARN_UNDECLARED_SELECTOR = YES;
				GCC_WARN_UNINITIALIZED_AUTOS = YES_AGGRESSIVE;
				GCC_WARN_UNUSED_FUNCTION = YES;
				GCC_WARN_UNUSED_VARIABLE = YES;
				IPHONEOS_DEPLOYMENT_TARGET = 9.3;
				MTL_ENABLE_DEBUG_INFO = NO;
				SDKROOT = iphoneos;
				VALIDATE_PRODUCT = YES;
			};
			name = Release;
		};
		5B5325F21D7EFB200054B45C /* Debug */ = {
			isa = XCBuildConfiguration;
			buildSettings = {
				ASSETCATALOG_COMPILER_APPICON_NAME = AppIcon;
				INFOPLIST_FILE = Calculator/Info.plist;
				LD_RUNPATH_SEARCH_PATHS = "$(inherited) @executable_path/Frameworks";
				PRODUCT_BUNDLE_IDENTIFIER = com.managam.Calculator;
				PRODUCT_NAME = "$(TARGET_NAME)";
			};
			name = Debug;
		};
		5B5325F31D7EFB200054B45C /* Release */ = {
			isa = XCBuildConfiguration;
			buildSettings = {
				ASSETCATALOG_COMPILER_APPICON_NAME = AppIcon;
				INFOPLIST_FILE = Calculator/Info.plist;
				LD_RUNPATH_SEARCH_PATHS = "$(inherited) @executable_path/Frameworks";
				PRODUCT_BUNDLE_IDENTIFIER = com.managam.Calculator;
				PRODUCT_NAME = "$(TARGET_NAME)";
			};
			name = Release;
		};
/* End XCBuildConfiguration section */

/* Begin XCConfigurationList section */
		5B5325DA1D7EFB200054B45C /* Build configuration list for PBXProject "Calculator" */ = {
			isa = XCConfigurationList;
			buildConfigurations = (
				5B5325EF1D7EFB200054B45C /* Debug */,
				5B5325F01D7EFB200054B45C /* Release */,
			);
			defaultConfigurationIsVisible = 0;
			defaultConfigurationName = Release;
		};
		5B5325F11D7EFB200054B45C /* Build configuration list for PBXNativeTarget "Calculator" */ = {
			isa = XCConfigurationList;
			buildConfigurations = (
				5B5325F21D7EFB200054B45C /* Debug */,
				5B5325F31D7EFB200054B45C /* Release */,
			);
			defaultConfigurationIsVisible = 0;
		};
/* End XCConfigurationList section */
	};
	rootObject = 5B5325D71D7EFB200054B45C /* Project object */;
}
