PODS:
  - HexColors (2.2.1)
  - LBBlurredImage (0.1.0)
  - Mantle (1.3.1):
    - Mantle/extobjc (= 1.3.1)
  - Mantle/extobjc (1.3.1)
  - ReactiveCocoa (2.1.6):
    - ReactiveCocoa/Core (= 2.1.6)
    - ReactiveCocoa/no-arc (= 2.1.6)
  - ReactiveCocoa/Core (2.1.6):
    - ReactiveCocoa/no-arc
  - ReactiveCocoa/no-arc (2.1.6)
  - TSMessages (0.9.4):
    - HexColors (~> 2.2.0)

DEPENDENCIES:
  - LBBlurredImage (= 0.1.0)
  - Mantle (= 1.3.1)
  - ReactiveCocoa (= 2.1.6)
  - TSMessages (= 0.9.4)

SPEC CHECKSUMS:
  HexColors: abfd172e329dab59888614ccba6f216cec59289d
  LBBlurredImage: 08a54f267e33451c5289076667e4d0c0102d7d07
  Mantle: a516570b84c3cefb34b02647a6588a087dddc490
  ReactiveCocoa: 8e05fc231bce82d24f310957a85ee74df16a1653
  TSMessages: 4b08b94ad9417b5f37503f60beb2b21200d684c7

PODFILE CHECKSUM: 2a4a215fcfdb40f72504f18505c6b49de4f7a24f

COCOAPODS: 1.0.0
